
Microsoft Visual Studio Solution File, Format Version 12.00
# Visual Studio Version 17
VisualStudioVersion = 17.0.32126.317
MinimumVisualStudioVersion = 10.0.40219.1
Project("{9A19103F-16F7-4668-BE54-9A1E7A4F7556}") = "CampaignModuleSimulation", "CampaignModule\CampaignModuleSimulation.csproj", "{F89355BE-B4C9-42A1-8AAC-9019E14A9124}"
EndProject
Project("{FAE04EC0-301F-11D3-BF4B-00C04F79EFBC}") = "CampaignModuleApi", "CampaignModuleApi\CampaignModuleApi.csproj", "{DCFA9E5E-2013-4520-BEA7-027703FB8C54}"
EndProject
Global
	GlobalSection(SolutionConfigurationPlatforms) = preSolution
		Debug|Any CPU = Debug|Any CPU
		Release|Any CPU = Release|Any CPU
	EndGlobalSection
	GlobalSection(ProjectConfigurationPlatforms) = postSolution
		{F89355BE-B4C9-42A1-8AAC-9019E14A9124}.Debug|Any CPU.ActiveCfg = Debug|Any CPU
		{F89355BE-B4C9-42A1-8AAC-9019E14A9124}.Debug|Any CPU.Build.0 = Debug|Any CPU
		{F89355BE-B4C9-42A1-8AAC-9019E14A9124}.Release|Any CPU.ActiveCfg = Release|Any CPU
		{F89355BE-B4C9-42A1-8AAC-9019E14A9124}.Release|Any CPU.Build.0 = Release|Any CPU
		{DCFA9E5E-2013-4520-BEA7-027703FB8C54}.Debug|Any CPU.ActiveCfg = Debug|Any CPU
		{DCFA9E5E-2013-4520-BEA7-027703FB8C54}.Debug|Any CPU.Build.0 = Debug|Any CPU
		{DCFA9E5E-2013-4520-BEA7-027703FB8C54}.Release|Any CPU.ActiveCfg = Release|Any CPU
		{DCFA9E5E-2013-4520-BEA7-027703FB8C54}.Release|Any CPU.Build.0 = Release|Any CPU
	EndGlobalSection
	GlobalSection(SolutionProperties) = preSolution
		HideSolutionNode = FALSE
	EndGlobalSection
	GlobalSection(ExtensibilityGlobals) = postSolution
		SolutionGuid = {85A57650-FA00-4A23-90D0-4477F2C692A3}
	EndGlobalSection
EndGlobal
